<?xml version="1.0" encoding="utf-8"?>
<Project ToolsVersion="4.0" xmlns="http://schemas.microsoft.com/developer/msbuild/2003">
  <ItemGroup>
    <ClCompile Include="main.cpp" />
    <ClCompile Include="3rdparty\glad\src\glad.c">
      <Filter>glad</Filter>
    </ClCompile>
    <ClCompile Include="shader.cpp" />
  </ItemGroup>
  <ItemGroup>
    <Filter Include="glad">
      <UniqueIdentifier>{0fad410b-20db-4056-aa58-2538655d0683}</UniqueIdentifier>
    </Filter>
    <Filter Include="shaders">
      <UniqueIdentifier>{ce1f1663-f536-4022-8c6a-2fdabc4a41b2}</UniqueIdentifier>
    </Filter>
  </ItemGroup>
  <ItemGroup>
    <ClInclude Include="data.h" />
    <ClInclude Include="shader.h" />
  </ItemGroup>
  <ItemGroup>
    <None Include="shaders\shader.vs">
      <Filter>shaders</Filter>
    </None>
    <None Include="shaders\shader.fs">
      <Filter>shaders</Filter>
    </None>
  </ItemGroup>
</Project>