<?xml version="1.0" encoding="utf-8"?>
<Project ToolsVersion="4.0" xmlns="http://schemas.microsoft.com/developer/msbuild/2003">
  <ItemGroup>
    <ClCompile Include="main.cpp" />
    <ClCompile Include="3rdparty\glad\src\glad.c">
      <Filter>3rdparty\glad</Filter>
    </ClCompile>
    <ClCompile Include="shader.cpp" />
    <ClCompile Include="3rdparty\stb\stb_image.cpp">
      <Filter>3rdparty\stb</Filter>
    </ClCompile>
    <ClCompile Include="camera.cpp" />
  </ItemGroup>
  <ItemGroup>
    <Filter Include="shaders">
      <UniqueIdentifier>{ce1f1663-f536-4022-8c6a-2fdabc4a41b2}</UniqueIdentifier>
    </Filter>
    <Filter Include="3rdparty">
      <UniqueIdentifier>{0252b930-a4e7-4711-952d-33cb518b344a}</UniqueIdentifier>
    </Filter>
    <Filter Include="3rdparty\glad">
      <UniqueIdentifier>{0fad410b-20db-4056-aa58-2538655d0683}</UniqueIdentifier>
    </Filter>
    <Filter Include="3rdparty\stb">
      <UniqueIdentifier>{689190ed-80ab-4706-8d58-5930d7b407d1}</UniqueIdentifier>
    </Filter>
  </ItemGroup>
  <ItemGroup>
    <ClInclude Include="data.h" />
    <ClInclude Include="shader.h" />
    <ClInclude Include="3rdparty\stb\stb_image.h">
      <Filter>3rdparty\stb</Filter>
    </ClInclude>
    <ClInclude Include="camera.h" />
  </ItemGroup>
  <ItemGroup>
    <None Include="shaders\shader.vs">
      <Filter>shaders</Filter>
    </None>
    <None Include="shaders\shader.fs">
      <Filter>shaders</Filter>
    </None>
    <None Include="shaders\lightcube.fs">
      <Filter>shaders</Filter>
    </None>
  </ItemGroup>
</Project>